// !$*UTF8*$!
{
	archiveVersion = 1;
	classes = {
	};
	objectVersion = 56;
	objects = {

/* Begin PBXBuildFile section */
		42D7ECBE29EAF38300F05674 /* StockViewModel.swift in Sources */ = {isa = PBXBuildFile; fileRef = 42F8111A29E8F3FC00C2E50D /* StockViewModel.swift */; };
		42D7ECCD29EAF56600F05674 /* StockViewModelTests.swift in Sources */ = {isa = PBXBuildFile; fileRef = 42D7ECCC29EAF56600F05674 /* StockViewModelTests.swift */; };
		42D7ECDB29EB5E6400F05674 /* MockTests.swift in Sources */ = {isa = PBXBuildFile; fileRef = 42D7ECD929EB5E6400F05674 /* MockTests.swift */; };
		42D7ECE429EC2BBE00F05674 /* StockViewController.swift in Sources */ = {isa = PBXBuildFile; fileRef = 42D7ECE229EC2BBE00F05674 /* StockViewController.swift */; };
		42D7ECE529EC2BBE00F05674 /* StockViewController.xib in Resources */ = {isa = PBXBuildFile; fileRef = 42D7ECE329EC2BBE00F05674 /* StockViewController.xib */; };
		42D7ECE729EC32CC00F05674 /* AlertConfig.swift in Sources */ = {isa = PBXBuildFile; fileRef = 42D7ECE629EC32CC00F05674 /* AlertConfig.swift */; };
		42EB64B629E729C800B7C2D9 /* AppDelegate.swift in Sources */ = {isa = PBXBuildFile; fileRef = 42EB64B529E729C800B7C2D9 /* AppDelegate.swift */; };
		42EB64B829E729C800B7C2D9 /* SceneDelegate.swift in Sources */ = {isa = PBXBuildFile; fileRef = 42EB64B729E729C800B7C2D9 /* SceneDelegate.swift */; };
		42EB64BD29E729C800B7C2D9 /* Main.storyboard in Resources */ = {isa = PBXBuildFile; fileRef = 42EB64BB29E729C800B7C2D9 /* Main.storyboard */; };
		42EB64BF29E729C900B7C2D9 /* Assets.xcassets in Resources */ = {isa = PBXBuildFile; fileRef = 42EB64BE29E729C900B7C2D9 /* Assets.xcassets */; };
		42EB64C229E729C900B7C2D9 /* LaunchScreen.storyboard in Resources */ = {isa = PBXBuildFile; fileRef = 42EB64C029E729C900B7C2D9 /* LaunchScreen.storyboard */; };
		42EB64CD29E72A1900B7C2D9 /* StockModel.swift in Sources */ = {isa = PBXBuildFile; fileRef = 42EB64CC29E72A1900B7C2D9 /* StockModel.swift */; };
		42EB64CF29E72C5A00B7C2D9 /* ViewController.swift in Sources */ = {isa = PBXBuildFile; fileRef = 42EB64CE29E72C5A00B7C2D9 /* ViewController.swift */; };
		42EB64D229E72F2D00B7C2D9 /* StockTableViewCell.swift in Sources */ = {isa = PBXBuildFile; fileRef = 42EB64D029E72F2D00B7C2D9 /* StockTableViewCell.swift */; };
		42EB64D329E72F2D00B7C2D9 /* StockTableViewCell.xib in Resources */ = {isa = PBXBuildFile; fileRef = 42EB64D129E72F2D00B7C2D9 /* StockTableViewCell.xib */; };
		42F8110F29E84AC000C2E50D /* ViewCodeProtocol.swift in Sources */ = {isa = PBXBuildFile; fileRef = 42F8110E29E84AC000C2E50D /* ViewCodeProtocol.swift */; };
		42F8112329E9E6EE00C2E50D /* StocksService.swift in Sources */ = {isa = PBXBuildFile; fileRef = 42F8112229E9E6EE00C2E50D /* StocksService.swift */; };
		42F8112529E9E80500C2E50D /* URLSessionProvider.swift in Sources */ = {isa = PBXBuildFile; fileRef = 42F8112429E9E80500C2E50D /* URLSessionProvider.swift */; };
		42F8112729E9E82A00C2E50D /* Provider.swift in Sources */ = {isa = PBXBuildFile; fileRef = 42F8112629E9E82A00C2E50D /* Provider.swift */; };
		42F8112929E9E8FF00C2E50D /* NetworkError.swift in Sources */ = {isa = PBXBuildFile; fileRef = 42F8112829E9E8FF00C2E50D /* NetworkError.swift */; };
		42F8112D29E9F7CB00C2E50D /* URLSessionExtension.swift in Sources */ = {isa = PBXBuildFile; fileRef = 42F8112C29E9F7CB00C2E50D /* URLSessionExtension.swift */; };
/* End PBXBuildFile section */

/* Begin PBXContainerItemProxy section */
		42D7ECC729EAF52B00F05674 /* PBXContainerItemProxy */ = {
			isa = PBXContainerItemProxy;
			containerPortal = 42EB64AA29E729C800B7C2D9 /* Project object */;
			proxyType = 1;
			remoteGlobalIDString = 42EB64B129E729C800B7C2D9;
			remoteInfo = CashAppStock;
		};
/* End PBXContainerItemProxy section */

/* Begin PBXFileReference section */
		42D7ECC329EAF52B00F05674 /* CashAppStockTests.xctest */ = {isa = PBXFileReference; explicitFileType = wrapper.cfbundle; includeInIndex = 0; path = CashAppStockTests.xctest; sourceTree = BUILT_PRODUCTS_DIR; };
		42D7ECCC29EAF56600F05674 /* StockViewModelTests.swift */ = {isa = PBXFileReference; lastKnownFileType = sourcecode.swift; path = StockViewModelTests.swift; sourceTree = "<group>"; };
		42D7ECD929EB5E6400F05674 /* MockTests.swift */ = {isa = PBXFileReference; lastKnownFileType = sourcecode.swift; path = MockTests.swift; sourceTree = "<group>"; };
		42D7ECE229EC2BBE00F05674 /* StockViewController.swift */ = {isa = PBXFileReference; lastKnownFileType = sourcecode.swift; path = StockViewController.swift; sourceTree = "<group>"; };
		42D7ECE329EC2BBE00F05674 /* StockViewController.xib */ = {isa = PBXFileReference; lastKnownFileType = file.xib; path = StockViewController.xib; sourceTree = "<group>"; };
		42D7ECE629EC32CC00F05674 /* AlertConfig.swift */ = {isa = PBXFileReference; lastKnownFileType = sourcecode.swift; path = AlertConfig.swift; sourceTree = "<group>"; };
		42EB64B229E729C800B7C2D9 /* CashAppStock.app */ = {isa = PBXFileReference; explicitFileType = wrapper.application; includeInIndex = 0; path = CashAppStock.app; sourceTree = BUILT_PRODUCTS_DIR; };
		42EB64B529E729C800B7C2D9 /* AppDelegate.swift */ = {isa = PBXFileReference; lastKnownFileType = sourcecode.swift; path = AppDelegate.swift; sourceTree = "<group>"; };
		42EB64B729E729C800B7C2D9 /* SceneDelegate.swift */ = {isa = PBXFileReference; lastKnownFileType = sourcecode.swift; path = SceneDelegate.swift; sourceTree = "<group>"; };
		42EB64BC29E729C800B7C2D9 /* Base */ = {isa = PBXFileReference; lastKnownFileType = file.storyboard; name = Base; path = Base.lproj/Main.storyboard; sourceTree = "<group>"; };
		42EB64BE29E729C900B7C2D9 /* Assets.xcassets */ = {isa = PBXFileReference; lastKnownFileType = folder.assetcatalog; path = Assets.xcassets; sourceTree = "<group>"; };
		42EB64C129E729C900B7C2D9 /* Base */ = {isa = PBXFileReference; lastKnownFileType = file.storyboard; name = Base; path = Base.lproj/LaunchScreen.storyboard; sourceTree = "<group>"; };
		42EB64C329E729C900B7C2D9 /* Info.plist */ = {isa = PBXFileReference; lastKnownFileType = text.plist.xml; path = Info.plist; sourceTree = "<group>"; };
		42EB64CC29E72A1900B7C2D9 /* StockModel.swift */ = {isa = PBXFileReference; lastKnownFileType = sourcecode.swift; path = StockModel.swift; sourceTree = "<group>"; };
		42EB64CE29E72C5A00B7C2D9 /* ViewController.swift */ = {isa = PBXFileReference; lastKnownFileType = sourcecode.swift; path = ViewController.swift; sourceTree = "<group>"; };
		42EB64D029E72F2D00B7C2D9 /* StockTableViewCell.swift */ = {isa = PBXFileReference; lastKnownFileType = sourcecode.swift; path = StockTableViewCell.swift; sourceTree = "<group>"; };
		42EB64D129E72F2D00B7C2D9 /* StockTableViewCell.xib */ = {isa = PBXFileReference; lastKnownFileType = file.xib; path = StockTableViewCell.xib; sourceTree = "<group>"; };
		42F8110E29E84AC000C2E50D /* ViewCodeProtocol.swift */ = {isa = PBXFileReference; lastKnownFileType = sourcecode.swift; path = ViewCodeProtocol.swift; sourceTree = "<group>"; };
		42F8111A29E8F3FC00C2E50D /* StockViewModel.swift */ = {isa = PBXFileReference; lastKnownFileType = sourcecode.swift; path = StockViewModel.swift; sourceTree = "<group>"; };
		42F8112229E9E6EE00C2E50D /* StocksService.swift */ = {isa = PBXFileReference; lastKnownFileType = sourcecode.swift; path = StocksService.swift; sourceTree = "<group>"; };
		42F8112429E9E80500C2E50D /* URLSessionProvider.swift */ = {isa = PBXFileReference; lastKnownFileType = sourcecode.swift; path = URLSessionProvider.swift; sourceTree = "<group>"; };
		42F8112629E9E82A00C2E50D /* Provider.swift */ = {isa = PBXFileReference; lastKnownFileType = sourcecode.swift; path = Provider.swift; sourceTree = "<group>"; };
		42F8112829E9E8FF00C2E50D /* NetworkError.swift */ = {isa = PBXFileReference; lastKnownFileType = sourcecode.swift; path = NetworkError.swift; sourceTree = "<group>"; };
		42F8112C29E9F7CB00C2E50D /* URLSessionExtension.swift */ = {isa = PBXFileReference; lastKnownFileType = sourcecode.swift; path = URLSessionExtension.swift; sourceTree = "<group>"; };
/* End PBXFileReference section */

/* Begin PBXFrameworksBuildPhase section */
		42D7ECC029EAF52B00F05674 /* Frameworks */ = {
			isa = PBXFrameworksBuildPhase;
			buildActionMask = 2147483647;
			files = (
			);
			runOnlyForDeploymentPostprocessing = 0;
		};
		42EB64AF29E729C800B7C2D9 /* Frameworks */ = {
			isa = PBXFrameworksBuildPhase;
			buildActionMask = 2147483647;
			files = (
			);
			runOnlyForDeploymentPostprocessing = 0;
		};
/* End PBXFrameworksBuildPhase section */

/* Begin PBXGroup section */
		42D7ECC429EAF52B00F05674 /* CashAppStockTests */ = {
			isa = PBXGroup;
			children = (
				42D7ECCF29EB3D0E00F05674 /* Mock */,
				42D7ECCC29EAF56600F05674 /* StockViewModelTests.swift */,
			);
			path = CashAppStockTests;
			sourceTree = "<group>";
		};
		42D7ECCF29EB3D0E00F05674 /* Mock */ = {
			isa = PBXGroup;
			children = (
				42D7ECD929EB5E6400F05674 /* MockTests.swift */,
			);
			path = Mock;
			sourceTree = "<group>";
		};
		42EB64A929E729C800B7C2D9 = {
			isa = PBXGroup;
			children = (
				42EB64B429E729C800B7C2D9 /* CashAppStock */,
				42D7ECC429EAF52B00F05674 /* CashAppStockTests */,
				42EB64B329E729C800B7C2D9 /* Products */,
			);
			sourceTree = "<group>";
		};
		42EB64B329E729C800B7C2D9 /* Products */ = {
			isa = PBXGroup;
			children = (
				42EB64B229E729C800B7C2D9 /* CashAppStock.app */,
				42D7ECC329EAF52B00F05674 /* CashAppStockTests.xctest */,
			);
			name = Products;
			sourceTree = "<group>";
		};
		42EB64B429E729C800B7C2D9 /* CashAppStock */ = {
			isa = PBXGroup;
			children = (
				42F8111929E8F37900C2E50D /* ViewModel */,
				42F8111829E8A70000C2E50D /* Protocol */,
				42EB64CA29E729DE00B7C2D9 /* View */,
				42EB64C929E729D000B7C2D9 /* Model */,
				42EB64D629E74DCF00B7C2D9 /* Network */,
				42EB64B529E729C800B7C2D9 /* AppDelegate.swift */,
				42EB64B729E729C800B7C2D9 /* SceneDelegate.swift */,
				42EB64BE29E729C900B7C2D9 /* Assets.xcassets */,
				42EB64C029E729C900B7C2D9 /* LaunchScreen.storyboard */,
				42EB64C329E729C900B7C2D9 /* Info.plist */,
			);
			path = CashAppStock;
			sourceTree = "<group>";
		};
		42EB64C929E729D000B7C2D9 /* Model */ = {
			isa = PBXGroup;
			children = (
				42D7ECE629EC32CC00F05674 /* AlertConfig.swift */,
				42EB64CC29E72A1900B7C2D9 /* StockModel.swift */,
			);
			path = Model;
			sourceTree = "<group>";
		};
		42EB64CA29E729DE00B7C2D9 /* View */ = {
			isa = PBXGroup;
			children = (
				42EB64CB29E729E400B7C2D9 /* Controller */,
				42EB64BB29E729C800B7C2D9 /* Main.storyboard */,
				42D7ECE329EC2BBE00F05674 /* StockViewController.xib */,
				42EB64D129E72F2D00B7C2D9 /* StockTableViewCell.xib */,
			);
			path = View;
			sourceTree = "<group>";
		};
		42EB64CB29E729E400B7C2D9 /* Controller */ = {
			isa = PBXGroup;
			children = (
				42EB64CE29E72C5A00B7C2D9 /* ViewController.swift */,
				42EB64D029E72F2D00B7C2D9 /* StockTableViewCell.swift */,
				42D7ECE229EC2BBE00F05674 /* StockViewController.swift */,
			);
			path = Controller;
			sourceTree = "<group>";
		};
		42EB64D629E74DCF00B7C2D9 /* Network */ = {
			isa = PBXGroup;
			children = (
				42F8112229E9E6EE00C2E50D /* StocksService.swift */,
				42F8112429E9E80500C2E50D /* URLSessionProvider.swift */,
				42F8112829E9E8FF00C2E50D /* NetworkError.swift */,
				42F8112C29E9F7CB00C2E50D /* URLSessionExtension.swift */,
			);
			path = Network;
			sourceTree = "<group>";
		};
		42F8111829E8A70000C2E50D /* Protocol */ = {
			isa = PBXGroup;
			children = (
				42F8110E29E84AC000C2E50D /* ViewCodeProtocol.swift */,
				42F8112629E9E82A00C2E50D /* Provider.swift */,
			);
			path = Protocol;
			sourceTree = "<group>";
		};
		42F8111929E8F37900C2E50D /* ViewModel */ = {
			isa = PBXGroup;
			children = (
				42F8111A29E8F3FC00C2E50D /* StockViewModel.swift */,
			);
			path = ViewModel;
			sourceTree = "<group>";
		};
/* End PBXGroup section */

/* Begin PBXNativeTarget section */
		42D7ECC229EAF52B00F05674 /* CashAppStockTests */ = {
			isa = PBXNativeTarget;
			buildConfigurationList = 42D7ECC929EAF52B00F05674 /* Build configuration list for PBXNativeTarget "CashAppStockTests" */;
			buildPhases = (
				42D7ECBF29EAF52B00F05674 /* Sources */,
				42D7ECC029EAF52B00F05674 /* Frameworks */,
				42D7ECC129EAF52B00F05674 /* Resources */,
			);
			buildRules = (
			);
			dependencies = (
				42D7ECC829EAF52B00F05674 /* PBXTargetDependency */,
			);
			name = CashAppStockTests;
			productName = CashAppStockTests;
			productReference = 42D7ECC329EAF52B00F05674 /* CashAppStockTests.xctest */;
			productType = "com.apple.product-type.bundle.unit-test";
		};
		42EB64B129E729C800B7C2D9 /* CashAppStock */ = {
			isa = PBXNativeTarget;
			buildConfigurationList = 42EB64C629E729C900B7C2D9 /* Build configuration list for PBXNativeTarget "CashAppStock" */;
			buildPhases = (
				42EB64AE29E729C800B7C2D9 /* Sources */,
				42EB64AF29E729C800B7C2D9 /* Frameworks */,
				42EB64B029E729C800B7C2D9 /* Resources */,
			);
			buildRules = (
			);
			dependencies = (
			);
			name = CashAppStock;
			productName = CashAppStock;
			productReference = 42EB64B229E729C800B7C2D9 /* CashAppStock.app */;
			productType = "com.apple.product-type.application";
		};
/* End PBXNativeTarget section */

/* Begin PBXProject section */
		42EB64AA29E729C800B7C2D9 /* Project object */ = {
			isa = PBXProject;
			attributes = {
				BuildIndependentTargetsInParallel = 1;
				LastSwiftUpdateCheck = 1420;
				LastUpgradeCheck = 1420;
				TargetAttributes = {
					42D7ECC229EAF52B00F05674 = {
						CreatedOnToolsVersion = 14.2;
						TestTargetID = 42EB64B129E729C800B7C2D9;
					};
					42EB64B129E729C800B7C2D9 = {
						CreatedOnToolsVersion = 14.2;
					};
				};
			};
			buildConfigurationList = 42EB64AD29E729C800B7C2D9 /* Build configuration list for PBXProject "CashAppStock" */;
			compatibilityVersion = "Xcode 14.0";
			developmentRegion = en;
			hasScannedForEncodings = 0;
			knownRegions = (
				en,
				Base,
			);
			mainGroup = 42EB64A929E729C800B7C2D9;
			productRefGroup = 42EB64B329E729C800B7C2D9 /* Products */;
			projectDirPath = "";
			projectRoot = "";
			targets = (
				42EB64B129E729C800B7C2D9 /* CashAppStock */,
				42D7ECC229EAF52B00F05674 /* CashAppStockTests */,
			);
		};
/* End PBXProject section */

/* Begin PBXResourcesBuildPhase section */
		42D7ECC129EAF52B00F05674 /* Resources */ = {
			isa = PBXResourcesBuildPhase;
			buildActionMask = 2147483647;
			files = (
			);
			runOnlyForDeploymentPostprocessing = 0;
		};
		42EB64B029E729C800B7C2D9 /* Resources */ = {
			isa = PBXResourcesBuildPhase;
			buildActionMask = 2147483647;
			files = (
				42EB64C229E729C900B7C2D9 /* LaunchScreen.storyboard in Resources */,
				42EB64BF29E729C900B7C2D9 /* Assets.xcassets in Resources */,
				42EB64D329E72F2D00B7C2D9 /* StockTableViewCell.xib in Resources */,
				42EB64BD29E729C800B7C2D9 /* Main.storyboard in Resources */,
				42D7ECE529EC2BBE00F05674 /* StockViewController.xib in Resources */,
			);
			runOnlyForDeploymentPostprocessing = 0;
		};
/* End PBXResourcesBuildPhase section */

/* Begin PBXSourcesBuildPhase section */
		42D7ECBF29EAF52B00F05674 /* Sources */ = {
			isa = PBXSourcesBuildPhase;
			buildActionMask = 2147483647;
			files = (
				42D7ECCD29EAF56600F05674 /* StockViewModelTests.swift in Sources */,
				42D7ECDB29EB5E6400F05674 /* MockTests.swift in Sources */,
			);
			runOnlyForDeploymentPostprocessing = 0;
		};
		42EB64AE29E729C800B7C2D9 /* Sources */ = {
			isa = PBXSourcesBuildPhase;
			buildActionMask = 2147483647;
			files = (
				42EB64D229E72F2D00B7C2D9 /* StockTableViewCell.swift in Sources */,
				42D7ECE429EC2BBE00F05674 /* StockViewController.swift in Sources */,
				42F8112529E9E80500C2E50D /* URLSessionProvider.swift in Sources */,
				42D7ECE729EC32CC00F05674 /* AlertConfig.swift in Sources */,
				42D7ECBE29EAF38300F05674 /* StockViewModel.swift in Sources */,
				42EB64CD29E72A1900B7C2D9 /* StockModel.swift in Sources */,
				42F8112D29E9F7CB00C2E50D /* URLSessionExtension.swift in Sources */,
				42F8112329E9E6EE00C2E50D /* StocksService.swift in Sources */,
				42EB64B629E729C800B7C2D9 /* AppDelegate.swift in Sources */,
				42EB64B829E729C800B7C2D9 /* SceneDelegate.swift in Sources */,
				42F8110F29E84AC000C2E50D /* ViewCodeProtocol.swift in Sources */,
				42F8112729E9E82A00C2E50D /* Provider.swift in Sources */,
				42EB64CF29E72C5A00B7C2D9 /* ViewController.swift in Sources */,
				42F8112929E9E8FF00C2E50D /* NetworkError.swift in Sources */,
			);
			runOnlyForDeploymentPostprocessing = 0;
		};
/* End PBXSourcesBuildPhase section */

/* Begin PBXTargetDependency section */
		42D7ECC829EAF52B00F05674 /* PBXTargetDependency */ = {
			isa = PBXTargetDependency;
			target = 42EB64B129E729C800B7C2D9 /* CashAppStock */;
			targetProxy = 42D7ECC729EAF52B00F05674 /* PBXContainerItemProxy */;
		};
/* End PBXTargetDependency section */

/* Begin PBXVariantGroup section */
		42EB64BB29E729C800B7C2D9 /* Main.storyboard */ = {
			isa = PBXVariantGroup;
			children = (
				42EB64BC29E729C800B7C2D9 /* Base */,
			);
			name = Main.storyboard;
			sourceTree = "<group>";
		};
		42EB64C029E729C900B7C2D9 /* LaunchScreen.storyboard */ = {
			isa = PBXVariantGroup;
			children = (
				42EB64C129E729C900B7C2D9 /* Base */,
			);
			name = LaunchScreen.storyboard;
			sourceTree = "<group>";
		};
/* End PBXVariantGroup section */

/* Begin XCBuildConfiguration section */
		42D7ECCA29EAF52B00F05674 /* Debug */ = {
			isa = XCBuildConfiguration;
			buildSettings = {
				BUNDLE_LOADER = "$(TEST_HOST)";
				CODE_SIGN_STYLE = Automatic;
				CURRENT_PROJECT_VERSION = 1;
				DEVELOPMENT_TEAM = H55B99Y43Q;
				GENERATE_INFOPLIST_FILE = YES;
				MARKETING_VERSION = 1.0;
				PRODUCT_BUNDLE_IDENTIFIER = com.karine.CashAppStockTests;
				PRODUCT_NAME = "$(TARGET_NAME)";
				SWIFT_EMIT_LOC_STRINGS = NO;
				SWIFT_VERSION = 5.0;
				TARGETED_DEVICE_FAMILY = "1,2";
				TEST_HOST = "$(BUILT_PRODUCTS_DIR)/CashAppStock.app/$(BUNDLE_EXECUTABLE_FOLDER_PATH)/CashAppStock";
			};
			name = Debug;
		};
		42D7ECCB29EAF52B00F05674 /* Release */ = {
			isa = XCBuildConfiguration;
			buildSettings = {
				BUNDLE_LOADER = "$(TEST_HOST)";
				CODE_SIGN_STYLE = Automatic;
				CURRENT_PROJECT_VERSION = 1;
				DEVELOPMENT_TEAM = H55B99Y43Q;
				GENERATE_INFOPLIST_FILE = YES;
				MARKETING_VERSION = 1.0;
				PRODUCT_BUNDLE_IDENTIFIER = com.karine.CashAppStockTests;
				PRODUCT_NAME = "$(TARGET_NAME)";
				SWIFT_EMIT_LOC_STRINGS = NO;
				SWIFT_VERSION = 5.0;
				TARGETED_DEVICE_FAMILY = "1,2";
				TEST_HOST = "$(BUILT_PRODUCTS_DIR)/CashAppStock.app/$(BUNDLE_EXECUTABLE_FOLDER_PATH)/CashAppStock";
			};
			name = Release;
		};
		42EB64C429E729C900B7C2D9 /* Debug */ = {
			isa = XCBuildConfiguration;
			buildSettings = {
				ALWAYS_SEARCH_USER_PATHS = NO;
				CLANG_ANALYZER_NONNULL = YES;
				CLANG_ANALYZER_NUMBER_OBJECT_CONVERSION = YES_AGGRESSIVE;
				CLANG_CXX_LANGUAGE_STANDARD = "gnu++20";
				CLANG_ENABLE_MODULES = YES;
				CLANG_ENABLE_OBJC_ARC = YES;
				CLANG_ENABLE_OBJC_WEAK = YES;
				CLANG_WARN_BLOCK_CAPTURE_AUTORELEASING = YES;
				CLANG_WARN_BOOL_CONVERSION = YES;
				CLANG_WARN_COMMA = YES;
				CLANG_WARN_CONSTANT_CONVERSION = YES;
				CLANG_WARN_DEPRECATED_OBJC_IMPLEMENTATIONS = YES;
				CLANG_WARN_DIRECT_OBJC_ISA_USAGE = YES_ERROR;
				CLANG_WARN_DOCUMENTATION_COMMENTS = YES;
				CLANG_WARN_EMPTY_BODY = YES;
				CLANG_WARN_ENUM_CONVERSION = YES;
				CLANG_WARN_INFINITE_RECURSION = YES;
				CLANG_WARN_INT_CONVERSION = YES;
				CLANG_WARN_NON_LITERAL_NULL_CONVERSION = YES;
				CLANG_WARN_OBJC_IMPLICIT_RETAIN_SELF = YES;
				CLANG_WARN_OBJC_LITERAL_CONVERSION = YES;
				CLANG_WARN_OBJC_ROOT_CLASS = YES_ERROR;
				CLANG_WARN_QUOTED_INCLUDE_IN_FRAMEWORK_HEADER = YES;
				CLANG_WARN_RANGE_LOOP_ANALYSIS = YES;
				CLANG_WARN_STRICT_PROTOTYPES = YES;
				CLANG_WARN_SUSPICIOUS_MOVE = YES;
				CLANG_WARN_UNGUARDED_AVAILABILITY = YES_AGGRESSIVE;
				CLANG_WARN_UNREACHABLE_CODE = YES;
				CLANG_WARN__DUPLICATE_METHOD_MATCH = YES;
				COPY_PHASE_STRIP = NO;
				DEBUG_INFORMATION_FORMAT = dwarf;
				ENABLE_STRICT_OBJC_MSGSEND = YES;
				ENABLE_TESTABILITY = YES;
				GCC_C_LANGUAGE_STANDARD = gnu11;
				GCC_DYNAMIC_NO_PIC = NO;
				GCC_NO_COMMON_BLOCKS = YES;
				GCC_OPTIMIZATION_LEVEL = 0;
				GCC_PREPROCESSOR_DEFINITIONS = (
					"DEBUG=1",
					"$(inherited)",
				);
				GCC_WARN_64_TO_32_BIT_CONVERSION = YES;
				GCC_WARN_ABOUT_RETURN_TYPE = YES_ERROR;
				GCC_WARN_UNDECLARED_SELECTOR = YES;
				GCC_WARN_UNINITIALIZED_AUTOS = YES_AGGRESSIVE;
				GCC_WARN_UNUSED_FUNCTION = YES;
				GCC_WARN_UNUSED_VARIABLE = YES;
				IPHONEOS_DEPLOYMENT_TARGET = 16.2;
				MTL_ENABLE_DEBUG_INFO = INCLUDE_SOURCE;
				MTL_FAST_MATH = YES;
				ONLY_ACTIVE_ARCH = YES;
				SDKROOT = iphoneos;
				SWIFT_ACTIVE_COMPILATION_CONDITIONS = DEBUG;
				SWIFT_OPTIMIZATION_LEVEL = "-Onone";
			};
			name = Debug;
		};
		42EB64C529E729C900B7C2D9 /* Release */ = {
			isa = XCBuildConfiguration;
			buildSettings = {
				ALWAYS_SEARCH_USER_PATHS = NO;
				CLANG_ANALYZER_NONNULL = YES;
				CLANG_ANALYZER_NUMBER_OBJECT_CONVERSION = YES_AGGRESSIVE;
				CLANG_CXX_LANGUAGE_STANDARD = "gnu++20";
				CLANG_ENABLE_MODULES = YES;
				CLANG_ENABLE_OBJC_ARC = YES;
				CLANG_ENABLE_OBJC_WEAK = YES;
				CLANG_WARN_BLOCK_CAPTURE_AUTORELEASING = YES;
				CLANG_WARN_BOOL_CONVERSION = YES;
				CLANG_WARN_COMMA = YES;
				CLANG_WARN_CONSTANT_CONVERSION = YES;
				CLANG_WARN_DEPRECATED_OBJC_IMPLEMENTATIONS = YES;
				CLANG_WARN_DIRECT_OBJC_ISA_USAGE = YES_ERROR;
				CLANG_WARN_DOCUMENTATION_COMMENTS = YES;
				CLANG_WARN_EMPTY_BODY = YES;
				CLANG_WARN_ENUM_CONVERSION = YES;
				CLANG_WARN_INFINITE_RECURSION = YES;
				CLANG_WARN_INT_CONVERSION = YES;
				CLANG_WARN_NON_LITERAL_NULL_CONVERSION = YES;
				CLANG_WARN_OBJC_IMPLICIT_RETAIN_SELF = YES;
				CLANG_WARN_OBJC_LITERAL_CONVERSION = YES;
				CLANG_WARN_OBJC_ROOT_CLASS = YES_ERROR;
				CLANG_WARN_QUOTED_INCLUDE_IN_FRAMEWORK_HEADER = YES;
				CLANG_WARN_RANGE_LOOP_ANALYSIS = YES;
				CLANG_WARN_STRICT_PROTOTYPES = YES;
				CLANG_WARN_SUSPICIOUS_MOVE = YES;
				CLANG_WARN_UNGUARDED_AVAILABILITY = YES_AGGRESSIVE;
				CLANG_WARN_UNREACHABLE_CODE = YES;
				CLANG_WARN__DUPLICATE_METHOD_MATCH = YES;
				COPY_PHASE_STRIP = NO;
				DEBUG_INFORMATION_FORMAT = "dwarf-with-dsym";
				ENABLE_NS_ASSERTIONS = NO;
				ENABLE_STRICT_OBJC_MSGSEND = YES;
				GCC_C_LANGUAGE_STANDARD = gnu11;
				GCC_NO_COMMON_BLOCKS = YES;
				GCC_WARN_64_TO_32_BIT_CONVERSION = YES;
				GCC_WARN_ABOUT_RETURN_TYPE = YES_ERROR;
				GCC_WARN_UNDECLARED_SELECTOR = YES;
				GCC_WARN_UNINITIALIZED_AUTOS = YES_AGGRESSIVE;
				GCC_WARN_UNUSED_FUNCTION = YES;
				GCC_WARN_UNUSED_VARIABLE = YES;
				IPHONEOS_DEPLOYMENT_TARGET = 16.2;
				MTL_ENABLE_DEBUG_INFO = NO;
				MTL_FAST_MATH = YES;
				SDKROOT = iphoneos;
				SWIFT_COMPILATION_MODE = wholemodule;
				SWIFT_OPTIMIZATION_LEVEL = "-O";
				VALIDATE_PRODUCT = YES;
			};
			name = Release;
		};
		42EB64C729E729C900B7C2D9 /* Debug */ = {
			isa = XCBuildConfiguration;
			buildSettings = {
				ASSETCATALOG_COMPILER_APPICON_NAME = AppIcon;
				ASSETCATALOG_COMPILER_GLOBAL_ACCENT_COLOR_NAME = AccentColor;
				CODE_SIGN_STYLE = Automatic;
				CURRENT_PROJECT_VERSION = 1;
				DEVELOPMENT_TEAM = H55B99Y43Q;
				GENERATE_INFOPLIST_FILE = YES;
				INFOPLIST_FILE = CashAppStock/Info.plist;
				INFOPLIST_KEY_UIApplicationSupportsIndirectInputEvents = YES;
				INFOPLIST_KEY_UILaunchStoryboardName = LaunchScreen;
				INFOPLIST_KEY_UIMainStoryboardFile = Main;
				INFOPLIST_KEY_UISupportedInterfaceOrientations_iPad = "UIInterfaceOrientationPortrait UIInterfaceOrientationPortraitUpsideDown UIInterfaceOrientationLandscapeLeft UIInterfaceOrientationLandscapeRight";
				INFOPLIST_KEY_UISupportedInterfaceOrientations_iPhone = "UIInterfaceOrientationPortrait UIInterfaceOrientationLandscapeLeft UIInterfaceOrientationLandscapeRight";
				IPHONEOS_DEPLOYMENT_TARGET = 13.0;
				LD_RUNPATH_SEARCH_PATHS = (
					"$(inherited)",
					"@executable_path/Frameworks",
				);
				MARKETING_VERSION = 1.0;
				PRODUCT_BUNDLE_IDENTIFIER = com.karine.CashAppStock;
				PRODUCT_NAME = "$(TARGET_NAME)";
				SWIFT_EMIT_LOC_STRINGS = YES;
				SWIFT_VERSION = 5.0;
				TARGETED_DEVICE_FAMILY = "1,2";
			};
			name = Debug;
		};
		42EB64C829E729C900B7C2D9 /* Release */ = {
			isa = XCBuildConfiguration;
			buildSettings = {
				ASSETCATALOG_COMPILER_APPICON_NAME = AppIcon;
				ASSETCATALOG_COMPILER_GLOBAL_ACCENT_COLOR_NAME = AccentColor;
				CODE_SIGN_STYLE = Automatic;
				CURRENT_PROJECT_VERSION = 1;
				DEVELOPMENT_TEAM = H55B99Y43Q;
				GENERATE_INFOPLIST_FILE = YES;
				INFOPLIST_FILE = CashAppStock/Info.plist;
				INFOPLIST_KEY_UIApplicationSupportsIndirectInputEvents = YES;
				INFOPLIST_KEY_UILaunchStoryboardName = LaunchScreen;
				INFOPLIST_KEY_UIMainStoryboardFile = Main;
				INFOPLIST_KEY_UISupportedInterfaceOrientations_iPad = "UIInterfaceOrientationPortrait UIInterfaceOrientationPortraitUpsideDown UIInterfaceOrientationLandscapeLeft UIInterfaceOrientationLandscapeRight";
				INFOPLIST_KEY_UISupportedInterfaceOrientations_iPhone = "UIInterfaceOrientationPortrait UIInterfaceOrientationLandscapeLeft UIInterfaceOrientationLandscapeRight";
				IPHONEOS_DEPLOYMENT_TARGET = 13.0;
				LD_RUNPATH_SEARCH_PATHS = (
					"$(inherited)",
					"@executable_path/Frameworks",
				);
				MARKETING_VERSION = 1.0;
				PRODUCT_BUNDLE_IDENTIFIER = com.karine.CashAppStock;
				PRODUCT_NAME = "$(TARGET_NAME)";
				SWIFT_EMIT_LOC_STRINGS = YES;
				SWIFT_VERSION = 5.0;
				TARGETED_DEVICE_FAMILY = "1,2";
			};
			name = Release;
		};
/* End XCBuildConfiguration section */

/* Begin XCConfigurationList section */
		42D7ECC929EAF52B00F05674 /* Build configuration list for PBXNativeTarget "CashAppStockTests" */ = {
			isa = XCConfigurationList;
			buildConfigurations = (
				42D7ECCA29EAF52B00F05674 /* Debug */,
				42D7ECCB29EAF52B00F05674 /* Release */,
			);
			defaultConfigurationIsVisible = 0;
			defaultConfigurationName = Release;
		};
		42EB64AD29E729C800B7C2D9 /* Build configuration list for PBXProject "CashAppStock" */ = {
			isa = XCConfigurationList;
			buildConfigurations = (
				42EB64C429E729C900B7C2D9 /* Debug */,
				42EB64C529E729C900B7C2D9 /* Release */,
			);
			defaultConfigurationIsVisible = 0;
			defaultConfigurationName = Release;
		};
		42EB64C629E729C900B7C2D9 /* Build configuration list for PBXNativeTarget "CashAppStock" */ = {
			isa = XCConfigurationList;
			buildConfigurations = (
				42EB64C729E729C900B7C2D9 /* Debug */,
				42EB64C829E729C900B7C2D9 /* Release */,
			);
			defaultConfigurationIsVisible = 0;
			defaultConfigurationName = Release;
		};
/* End XCConfigurationList section */
	};
	rootObject = 42EB64AA29E729C800B7C2D9 /* Project object */;
}
